
Microsoft Visual Studio Solution File, Format Version 12.00
# Visual Studio Version 17
VisualStudioVersion = 17.3.32901.215
MinimumVisualStudioVersion = 10.0.40219.1
Project("{9A19103F-16F7-4668-BE54-9A1E7A4F7556}") = "TicTacToe.Web", "TicTacToe.Web\TicTacToe.Web.csproj", "{8DB2E7DE-A31D-43F3-8F09-E878D1C6A945}"
EndProject
Project("{9A19103F-16F7-4668-BE54-9A1E7A4F7556}") = "TicTacToe.Contracts", "TicTacToe.Contracts\TicTacToe.Contracts.csproj", "{1BF60FD5-919C-412D-99E8-4F14F4DAFB6F}"
EndProject
Project("{9A19103F-16F7-4668-BE54-9A1E7A4F7556}") = "TicTacToe.Core", "TicTacToe.Core\TicTacToe.Core.csproj", "{D62914AC-9AFD-460D-980D-F8F307808F59}"
EndProject
Global
	GlobalSection(SolutionConfigurationPlatforms) = preSolution
		Debug|Any CPU = Debug|Any CPU
		Release|Any CPU = Release|Any CPU
	EndGlobalSection
	GlobalSection(ProjectConfigurationPlatforms) = postSolution
		{8DB2E7DE-A31D-43F3-8F09-E878D1C6A945}.Debug|Any CPU.ActiveCfg = Debug|Any CPU
		{8DB2E7DE-A31D-43F3-8F09-E878D1C6A945}.Debug|Any CPU.Build.0 = Debug|Any CPU
		{8DB2E7DE-A31D-43F3-8F09-E878D1C6A945}.Release|Any CPU.ActiveCfg = Release|Any CPU
		{8DB2E7DE-A31D-43F3-8F09-E878D1C6A945}.Release|Any CPU.Build.0 = Release|Any CPU
		{1BF60FD5-919C-412D-99E8-4F14F4DAFB6F}.Debug|Any CPU.ActiveCfg = Debug|Any CPU
		{1BF60FD5-919C-412D-99E8-4F14F4DAFB6F}.Debug|Any CPU.Build.0 = Debug|Any CPU
		{1BF60FD5-919C-412D-99E8-4F14F4DAFB6F}.Release|Any CPU.ActiveCfg = Release|Any CPU
		{1BF60FD5-919C-412D-99E8-4F14F4DAFB6F}.Release|Any CPU.Build.0 = Release|Any CPU
		{D62914AC-9AFD-460D-980D-F8F307808F59}.Debug|Any CPU.ActiveCfg = Debug|Any CPU
		{D62914AC-9AFD-460D-980D-F8F307808F59}.Debug|Any CPU.Build.0 = Debug|Any CPU
		{D62914AC-9AFD-460D-980D-F8F307808F59}.Release|Any CPU.ActiveCfg = Release|Any CPU
		{D62914AC-9AFD-460D-980D-F8F307808F59}.Release|Any CPU.Build.0 = Release|Any CPU
	EndGlobalSection
	GlobalSection(SolutionProperties) = preSolution
		HideSolutionNode = FALSE
	EndGlobalSection
	GlobalSection(ExtensibilityGlobals) = postSolution
		SolutionGuid = {0E35352D-97ED-4721-BD55-368FBD27C3DA}
	EndGlobalSection
EndGlobal
